
Microsoft Visual Studio Solution File, Format Version 12.00
# Visual Studio 15
VisualStudioVersion = 15.0.26124.0
MinimumVisualStudioVersion = 15.0.26124.0
Project("{2150E333-8FDC-42A3-9474-1A3956D46DE8}") = "src", "src", "{03CA4B7C-34A4-47BC-8B26-620BB869E5F5}"
EndProject
Project("{FAE04EC0-301F-11D3-BF4B-00C04F79EFBC}") = "BackTest", "src\BackTest\BackTest.csproj", "{7EAA9C3F-E586-4A5C-ABC2-DF75846C67DE}"
EndProject
Project("{2150E333-8FDC-42A3-9474-1A3956D46DE8}") = "test", "test", "{A4AEA69F-C030-425F-B8D0-973EAA28B29B}"
EndProject
Project("{FAE04EC0-301F-11D3-BF4B-00C04F79EFBC}") = "BackTest.Tests", "test\BackTest.Tests\BackTest.Tests.csproj", "{641B29A5-8C6C-4896-ABBD-6BFBFE510EA1}"
EndProject
Project("{FAE04EC0-301F-11D3-BF4B-00C04F79EFBC}") = "Common", "src\Common\Common.csproj", "{FD3A9848-FB03-45FF-9754-D654B1138B70}"
EndProject
Global
	GlobalSection(SolutionConfigurationPlatforms) = preSolution
		Debug|Any CPU = Debug|Any CPU
		Debug|x64 = Debug|x64
		Debug|x86 = Debug|x86
		Release|Any CPU = Release|Any CPU
		Release|x64 = Release|x64
		Release|x86 = Release|x86
	EndGlobalSection
	GlobalSection(SolutionProperties) = preSolution
		HideSolutionNode = FALSE
	EndGlobalSection
	GlobalSection(ProjectConfigurationPlatforms) = postSolution
		{7EAA9C3F-E586-4A5C-ABC2-DF75846C67DE}.Debug|Any CPU.ActiveCfg = Debug|Any CPU
		{7EAA9C3F-E586-4A5C-ABC2-DF75846C67DE}.Debug|Any CPU.Build.0 = Debug|Any CPU
		{7EAA9C3F-E586-4A5C-ABC2-DF75846C67DE}.Debug|x64.ActiveCfg = Debug|x64
		{7EAA9C3F-E586-4A5C-ABC2-DF75846C67DE}.Debug|x64.Build.0 = Debug|x64
		{7EAA9C3F-E586-4A5C-ABC2-DF75846C67DE}.Debug|x86.ActiveCfg = Debug|x86
		{7EAA9C3F-E586-4A5C-ABC2-DF75846C67DE}.Debug|x86.Build.0 = Debug|x86
		{7EAA9C3F-E586-4A5C-ABC2-DF75846C67DE}.Release|Any CPU.ActiveCfg = Release|Any CPU
		{7EAA9C3F-E586-4A5C-ABC2-DF75846C67DE}.Release|Any CPU.Build.0 = Release|Any CPU
		{7EAA9C3F-E586-4A5C-ABC2-DF75846C67DE}.Release|x64.ActiveCfg = Release|x64
		{7EAA9C3F-E586-4A5C-ABC2-DF75846C67DE}.Release|x64.Build.0 = Release|x64
		{7EAA9C3F-E586-4A5C-ABC2-DF75846C67DE}.Release|x86.ActiveCfg = Release|x86
		{7EAA9C3F-E586-4A5C-ABC2-DF75846C67DE}.Release|x86.Build.0 = Release|x86
		{641B29A5-8C6C-4896-ABBD-6BFBFE510EA1}.Debug|Any CPU.ActiveCfg = Debug|Any CPU
		{641B29A5-8C6C-4896-ABBD-6BFBFE510EA1}.Debug|Any CPU.Build.0 = Debug|Any CPU
		{641B29A5-8C6C-4896-ABBD-6BFBFE510EA1}.Debug|x64.ActiveCfg = Debug|x64
		{641B29A5-8C6C-4896-ABBD-6BFBFE510EA1}.Debug|x64.Build.0 = Debug|x64
		{641B29A5-8C6C-4896-ABBD-6BFBFE510EA1}.Debug|x86.ActiveCfg = Debug|x86
		{641B29A5-8C6C-4896-ABBD-6BFBFE510EA1}.Debug|x86.Build.0 = Debug|x86
		{641B29A5-8C6C-4896-ABBD-6BFBFE510EA1}.Release|Any CPU.ActiveCfg = Release|Any CPU
		{641B29A5-8C6C-4896-ABBD-6BFBFE510EA1}.Release|Any CPU.Build.0 = Release|Any CPU
		{641B29A5-8C6C-4896-ABBD-6BFBFE510EA1}.Release|x64.ActiveCfg = Release|x64
		{641B29A5-8C6C-4896-ABBD-6BFBFE510EA1}.Release|x64.Build.0 = Release|x64
		{641B29A5-8C6C-4896-ABBD-6BFBFE510EA1}.Release|x86.ActiveCfg = Release|x86
		{641B29A5-8C6C-4896-ABBD-6BFBFE510EA1}.Release|x86.Build.0 = Release|x86
		{FD3A9848-FB03-45FF-9754-D654B1138B70}.Debug|Any CPU.ActiveCfg = Debug|Any CPU
		{FD3A9848-FB03-45FF-9754-D654B1138B70}.Debug|Any CPU.Build.0 = Debug|Any CPU
		{FD3A9848-FB03-45FF-9754-D654B1138B70}.Debug|x64.ActiveCfg = Debug|x64
		{FD3A9848-FB03-45FF-9754-D654B1138B70}.Debug|x64.Build.0 = Debug|x64
		{FD3A9848-FB03-45FF-9754-D654B1138B70}.Debug|x86.ActiveCfg = Debug|x86
		{FD3A9848-FB03-45FF-9754-D654B1138B70}.Debug|x86.Build.0 = Debug|x86
		{FD3A9848-FB03-45FF-9754-D654B1138B70}.Release|Any CPU.ActiveCfg = Release|Any CPU
		{FD3A9848-FB03-45FF-9754-D654B1138B70}.Release|Any CPU.Build.0 = Release|Any CPU
		{FD3A9848-FB03-45FF-9754-D654B1138B70}.Release|x64.ActiveCfg = Release|x64
		{FD3A9848-FB03-45FF-9754-D654B1138B70}.Release|x64.Build.0 = Release|x64
		{FD3A9848-FB03-45FF-9754-D654B1138B70}.Release|x86.ActiveCfg = Release|x86
		{FD3A9848-FB03-45FF-9754-D654B1138B70}.Release|x86.Build.0 = Release|x86
	EndGlobalSection
	GlobalSection(NestedProjects) = preSolution
		{7EAA9C3F-E586-4A5C-ABC2-DF75846C67DE} = {03CA4B7C-34A4-47BC-8B26-620BB869E5F5}
		{641B29A5-8C6C-4896-ABBD-6BFBFE510EA1} = {A4AEA69F-C030-425F-B8D0-973EAA28B29B}
		{FD3A9848-FB03-45FF-9754-D654B1138B70} = {03CA4B7C-34A4-47BC-8B26-620BB869E5F5}
	EndGlobalSection
EndGlobal
